// !$*UTF8*$!
{
	archiveVersion = 1;
	classes = {
	};
	objectVersion = 46;
	objects = {

/* Begin PBXBuildFile section */
		9C31FAE91FF25ED900516CBC /* AppDelegate.swift in Sources */ = {isa = PBXBuildFile; fileRef = 9C31FAE81FF25ED900516CBC /* AppDelegate.swift */; };
		9C31FAEB1FF25ED900516CBC /* ViewController.swift in Sources */ = {isa = PBXBuildFile; fileRef = 9C31FAEA1FF25ED900516CBC /* ViewController.swift */; };
		9C31FAEE1FF25ED900516CBC /* Main.storyboard in Resources */ = {isa = PBXBuildFile; fileRef = 9C31FAEC1FF25ED900516CBC /* Main.storyboard */; };
		9C31FAF11FF25ED900516CBC /* TicTAcToe.xcdatamodeld in Sources */ = {isa = PBXBuildFile; fileRef = 9C31FAEF1FF25ED900516CBC /* TicTAcToe.xcdatamodeld */; };
		9C31FAF31FF25ED900516CBC /* Assets.xcassets in Resources */ = {isa = PBXBuildFile; fileRef = 9C31FAF21FF25ED900516CBC /* Assets.xcassets */; };
		9C31FAF61FF25ED900516CBC /* LaunchScreen.storyboard in Resources */ = {isa = PBXBuildFile; fileRef = 9C31FAF41FF25ED900516CBC /* LaunchScreen.storyboard */; };
/* End PBXBuildFile section */

/* Begin PBXFileReference section */
		9C31FAE51FF25ED800516CBC /* TicTAcToe.app */ = {isa = PBXFileReference; explicitFileType = wrapper.application; includeInIndex = 0; path = TicTAcToe.app; sourceTree = BUILT_PRODUCTS_DIR; };
		9C31FAE81FF25ED900516CBC /* AppDelegate.swift */ = {isa = PBXFileReference; lastKnownFileType = sourcecode.swift; path = AppDelegate.swift; sourceTree = "<group>"; };
		9C31FAEA1FF25ED900516CBC /* ViewController.swift */ = {isa = PBXFileReference; lastKnownFileType = sourcecode.swift; path = ViewController.swift; sourceTree = "<group>"; };
		9C31FAED1FF25ED900516CBC /* Base */ = {isa = PBXFileReference; lastKnownFileType = file.storyboard; name = Base; path = Base.lproj/Main.storyboard; sourceTree = "<group>"; };
		9C31FAF01FF25ED900516CBC /* TicTAcToe.xcdatamodel */ = {isa = PBXFileReference; lastKnownFileType = wrapper.xcdatamodel; path = TicTAcToe.xcdatamodel; sourceTree = "<group>"; };
		9C31FAF21FF25ED900516CBC /* Assets.xcassets */ = {isa = PBXFileReference; lastKnownFileType = folder.assetcatalog; path = Assets.xcassets; sourceTree = "<group>"; };
		9C31FAF51FF25ED900516CBC /* Base */ = {isa = PBXFileReference; lastKnownFileType = file.storyboard; name = Base; path = Base.lproj/LaunchScreen.storyboard; sourceTree = "<group>"; };
		9C31FAF71FF25ED900516CBC /* Info.plist */ = {isa = PBXFileReference; lastKnownFileType = text.plist.xml; path = Info.plist; sourceTree = "<group>"; };
/* End PBXFileReference section */

/* Begin PBXFrameworksBuildPhase section */
		9C31FAE21FF25ED800516CBC /* Frameworks */ = {
			isa = PBXFrameworksBuildPhase;
			buildActionMask = 2147483647;
			files = (
			);
			runOnlyForDeploymentPostprocessing = 0;
		};
/* End PBXFrameworksBuildPhase section */

/* Begin PBXGroup section */
		9C31FADC1FF25ED800516CBC = {
			isa = PBXGroup;
			children = (
				9C31FAE71FF25ED800516CBC /* TicTAcToe */,
				9C31FAE61FF25ED800516CBC /* Products */,
			);
			sourceTree = "<group>";
		};
		9C31FAE61FF25ED800516CBC /* Products */ = {
			isa = PBXGroup;
			children = (
				9C31FAE51FF25ED800516CBC /* TicTAcToe.app */,
			);
			name = Products;
			sourceTree = "<group>";
		};
		9C31FAE71FF25ED800516CBC /* TicTAcToe */ = {
			isa = PBXGroup;
			children = (
				9C31FAE81FF25ED900516CBC /* AppDelegate.swift */,
				9C31FAEA1FF25ED900516CBC /* ViewController.swift */,
				9C31FAEC1FF25ED900516CBC /* Main.storyboard */,
				9C31FAF21FF25ED900516CBC /* Assets.xcassets */,
				9C31FAF41FF25ED900516CBC /* LaunchScreen.storyboard */,
				9C31FAF71FF25ED900516CBC /* Info.plist */,
				9C31FAEF1FF25ED900516CBC /* TicTAcToe.xcdatamodeld */,
			);
			path = TicTAcToe;
			sourceTree = "<group>";
		};
/* End PBXGroup section */

/* Begin PBXNativeTarget section */
		9C31FAE41FF25ED800516CBC /* TicTAcToe */ = {
			isa = PBXNativeTarget;
			buildConfigurationList = 9C31FAFA1FF25ED900516CBC /* Build configuration list for PBXNativeTarget "TicTAcToe" */;
			buildPhases = (
				9C31FAE11FF25ED800516CBC /* Sources */,
				9C31FAE21FF25ED800516CBC /* Frameworks */,
				9C31FAE31FF25ED800516CBC /* Resources */,
			);
			buildRules = (
			);
			dependencies = (
			);
			name = TicTAcToe;
			productName = TicTAcToe;
			productReference = 9C31FAE51FF25ED800516CBC /* TicTAcToe.app */;
			productType = "com.apple.product-type.application";
		};
/* End PBXNativeTarget section */

/* Begin PBXProject section */
		9C31FADD1FF25ED800516CBC /* Project object */ = {
			isa = PBXProject;
			attributes = {
				LastSwiftUpdateCheck = 0830;
				LastUpgradeCheck = 0830;
				ORGANIZATIONNAME = Servpro;
				TargetAttributes = {
					9C31FAE41FF25ED800516CBC = {
						CreatedOnToolsVersion = 8.3.3;
						ProvisioningStyle = Automatic;
					};
				};
			};
			buildConfigurationList = 9C31FAE01FF25ED800516CBC /* Build configuration list for PBXProject "TicTAcToe" */;
			compatibilityVersion = "Xcode 3.2";
			developmentRegion = English;
			hasScannedForEncodings = 0;
			knownRegions = (
				en,
				Base,
			);
			mainGroup = 9C31FADC1FF25ED800516CBC;
			productRefGroup = 9C31FAE61FF25ED800516CBC /* Products */;
			projectDirPath = "";
			projectRoot = "";
			targets = (
				9C31FAE41FF25ED800516CBC /* TicTAcToe */,
			);
		};
/* End PBXProject section */

/* Begin PBXResourcesBuildPhase section */
		9C31FAE31FF25ED800516CBC /* Resources */ = {
			isa = PBXResourcesBuildPhase;
			buildActionMask = 2147483647;
			files = (
				9C31FAF61FF25ED900516CBC /* LaunchScreen.storyboard in Resources */,
				9C31FAF31FF25ED900516CBC /* Assets.xcassets in Resources */,
				9C31FAEE1FF25ED900516CBC /* Main.storyboard in Resources */,
			);
			runOnlyForDeploymentPostprocessing = 0;
		};
/* End PBXResourcesBuildPhase section */

/* Begin PBXSourcesBuildPhase section */
		9C31FAE11FF25ED800516CBC /* Sources */ = {
			isa = PBXSourcesBuildPhase;
			buildActionMask = 2147483647;
			files = (
				9C31FAEB1FF25ED900516CBC /* ViewController.swift in Sources */,
				9C31FAE91FF25ED900516CBC /* AppDelegate.swift in Sources */,
				9C31FAF11FF25ED900516CBC /* TicTAcToe.xcdatamodeld in Sources */,
			);
			runOnlyForDeploymentPostprocessing = 0;
		};
/* End PBXSourcesBuildPhase section */

/* Begin PBXVariantGroup section */
		9C31FAEC1FF25ED900516CBC /* Main.storyboard */ = {
			isa = PBXVariantGroup;
			children = (
				9C31FAED1FF25ED900516CBC /* Base */,
			);
			name = Main.storyboard;
			sourceTree = "<group>";
		};
		9C31FAF41FF25ED900516CBC /* LaunchScreen.storyboard */ = {
			isa = PBXVariantGroup;
			children = (
				9C31FAF51FF25ED900516CBC /* Base */,
			);
			name = LaunchScreen.storyboard;
			sourceTree = "<group>";
		};
/* End PBXVariantGroup section */

/* Begin XCBuildConfiguration section */
		9C31FAF81FF25ED900516CBC /* Debug */ = {
			isa = XCBuildConfiguration;
			buildSettings = {
				ALWAYS_SEARCH_USER_PATHS = NO;
				CLANG_ANALYZER_NONNULL = YES;
				CLANG_ANALYZER_NUMBER_OBJECT_CONVERSION = YES_AGGRESSIVE;
				CLANG_CXX_LANGUAGE_STANDARD = "gnu++0x";
				CLANG_CXX_LIBRARY = "libc++";
				CLANG_ENABLE_MODULES = YES;
				CLANG_ENABLE_OBJC_ARC = YES;
				CLANG_WARN_BOOL_CONVERSION = YES;
				CLANG_WARN_CONSTANT_CONVERSION = YES;
				CLANG_WARN_DIRECT_OBJC_ISA_USAGE = YES_ERROR;
				CLANG_WARN_DOCUMENTATION_COMMENTS = YES;
				CLANG_WARN_EMPTY_BODY = YES;
				CLANG_WARN_ENUM_CONVERSION = YES;
				CLANG_WARN_INFINITE_RECURSION = YES;
				CLANG_WARN_INT_CONVERSION = YES;
				CLANG_WARN_OBJC_ROOT_CLASS = YES_ERROR;
				CLANG_WARN_SUSPICIOUS_MOVE = YES;
				CLANG_WARN_UNREACHABLE_CODE = YES;
				CLANG_WARN__DUPLICATE_METHOD_MATCH = YES;
				"CODE_SIGN_IDENTITY[sdk=iphoneos*]" = "iPhone Developer";
				COPY_PHASE_STRIP = NO;
				DEBUG_INFORMATION_FORMAT = dwarf;
				ENABLE_STRICT_OBJC_MSGSEND = YES;
				ENABLE_TESTABILITY = YES;
				GCC_C_LANGUAGE_STANDARD = gnu99;
				GCC_DYNAMIC_NO_PIC = NO;
				GCC_NO_COMMON_BLOCKS = YES;
				GCC_OPTIMIZATION_LEVEL = 0;
				GCC_PREPROCESSOR_DEFINITIONS = (
					"DEBUG=1",
					"$(inherited)",
				);
				GCC_WARN_64_TO_32_BIT_CONVERSION = YES;
				GCC_WARN_ABOUT_RETURN_TYPE = YES_ERROR;
				GCC_WARN_UNDECLARED_SELECTOR = YES;
				GCC_WARN_UNINITIALIZED_AUTOS = YES_AGGRESSIVE;
				GCC_WARN_UNUSED_FUNCTION = YES;
				GCC_WARN_UNUSED_VARIABLE = YES;
				IPHONEOS_DEPLOYMENT_TARGET = 10.3;
				MTL_ENABLE_DEBUG_INFO = YES;
				ONLY_ACTIVE_ARCH = YES;
				SDKROOT = iphoneos;
				SWIFT_ACTIVE_COMPILATION_CONDITIONS = DEBUG;
				SWIFT_OPTIMIZATION_LEVEL = "-Onone";
			};
			name = Debug;
		};
		9C31FAF91FF25ED900516CBC /* Release */ = {
			isa = XCBuildConfiguration;
			buildSettings = {
				ALWAYS_SEARCH_USER_PATHS = NO;
				CLANG_ANALYZER_NONNULL = YES;
				CLANG_ANALYZER_NUMBER_OBJECT_CONVERSION = YES_AGGRESSIVE;
				CLANG_CXX_LANGUAGE_STANDARD = "gnu++0x";
				CLANG_CXX_LIBRARY = "libc++";
				CLANG_ENABLE_MODULES = YES;
				CLANG_ENABLE_OBJC_ARC = YES;
				CLANG_WARN_BOOL_CONVERSION = YES;
				CLANG_WARN_CONSTANT_CONVERSION = YES;
				CLANG_WARN_DIRECT_OBJC_ISA_USAGE = YES_ERROR;
				CLANG_WARN_DOCUMENTATION_COMMENTS = YES;
				CLANG_WARN_EMPTY_BODY = YES;
				CLANG_WARN_ENUM_CONVERSION = YES;
				CLANG_WARN_INFINITE_RECURSION = YES;
				CLANG_WARN_INT_CONVERSION = YES;
				CLANG_WARN_OBJC_ROOT_CLASS = YES_ERROR;
				CLANG_WARN_SUSPICIOUS_MOVE = YES;
				CLANG_WARN_UNREACHABLE_CODE = YES;
				CLANG_WARN__DUPLICATE_METHOD_MATCH = YES;
				"CODE_SIGN_IDENTITY[sdk=iphoneos*]" = "iPhone Developer";
				COPY_PHASE_STRIP = NO;
				DEBUG_INFORMATION_FORMAT = "dwarf-with-dsym";
				ENABLE_NS_ASSERTIONS = NO;
				ENABLE_STRICT_OBJC_MSGSEND = YES;
				GCC_C_LANGUAGE_STANDARD = gnu99;
				GCC_NO_COMMON_BLOCKS = YES;
				GCC_WARN_64_TO_32_BIT_CONVERSION = YES;
				GCC_WARN_ABOUT_RETURN_TYPE = YES_ERROR;
				GCC_WARN_UNDECLARED_SELECTOR = YES;
				GCC_WARN_UNINITIALIZED_AUTOS = YES_AGGRESSIVE;
				GCC_WARN_UNUSED_FUNCTION = YES;
				GCC_WARN_UNUSED_VARIABLE = YES;
				IPHONEOS_DEPLOYMENT_TARGET = 10.3;
				MTL_ENABLE_DEBUG_INFO = NO;
				SDKROOT = iphoneos;
				SWIFT_OPTIMIZATION_LEVEL = "-Owholemodule";
				VALIDATE_PRODUCT = YES;
			};
			name = Release;
		};
		9C31FAFB1FF25ED900516CBC /* Debug */ = {
			isa = XCBuildConfiguration;
			buildSettings = {
				ASSETCATALOG_COMPILER_APPICON_NAME = AppIcon;
				INFOPLIST_FILE = TicTAcToe/Info.plist;
				LD_RUNPATH_SEARCH_PATHS = "$(inherited) @executable_path/Frameworks";
				PRODUCT_BUNDLE_IDENTIFIER = com.game.TicTAcToe;
				PRODUCT_NAME = "$(TARGET_NAME)";
				SWIFT_VERSION = 3.0;
			};
			name = Debug;
		};
		9C31FAFC1FF25ED900516CBC /* Release */ = {
			isa = XCBuildConfiguration;
			buildSettings = {
				ASSETCATALOG_COMPILER_APPICON_NAME = AppIcon;
				INFOPLIST_FILE = TicTAcToe/Info.plist;
				LD_RUNPATH_SEARCH_PATHS = "$(inherited) @executable_path/Frameworks";
				PRODUCT_BUNDLE_IDENTIFIER = com.game.TicTAcToe;
				PRODUCT_NAME = "$(TARGET_NAME)";
				SWIFT_VERSION = 3.0;
			};
			name = Release;
		};
/* End XCBuildConfiguration section */

/* Begin XCConfigurationList section */
		9C31FAE01FF25ED800516CBC /* Build configuration list for PBXProject "TicTAcToe" */ = {
			isa = XCConfigurationList;
			buildConfigurations = (
				9C31FAF81FF25ED900516CBC /* Debug */,
				9C31FAF91FF25ED900516CBC /* Release */,
			);
			defaultConfigurationIsVisible = 0;
			defaultConfigurationName = Release;
		};
		9C31FAFA1FF25ED900516CBC /* Build configuration list for PBXNativeTarget "TicTAcToe" */ = {
			isa = XCConfigurationList;
			buildConfigurations = (
				9C31FAFB1FF25ED900516CBC /* Debug */,
				9C31FAFC1FF25ED900516CBC /* Release */,
			);
			defaultConfigurationIsVisible = 0;
			defaultConfigurationName = Release;
		};
/* End XCConfigurationList section */

/* Begin XCVersionGroup section */
		9C31FAEF1FF25ED900516CBC /* TicTAcToe.xcdatamodeld */ = {
			isa = XCVersionGroup;
			children = (
				9C31FAF01FF25ED900516CBC /* TicTAcToe.xcdatamodel */,
			);
			currentVersion = 9C31FAF01FF25ED900516CBC /* TicTAcToe.xcdatamodel */;
			path = TicTAcToe.xcdatamodeld;
			sourceTree = "<group>";
			versionGroupType = wrapper.xcdatamodel;
		};
/* End XCVersionGroup section */
	};
	rootObject = 9C31FADD1FF25ED800516CBC /* Project object */;
}
